
Microsoft Visual Studio Solution File, Format Version 12.00
# Visual Studio Version 17
VisualStudioVersion = 17.5.002.0
MinimumVisualStudioVersion = 10.0.40219.1
Project("{9A19103F-16F7-4668-BE54-9A1E7A4F7556}") = "Excep02", "Excep02.csproj", "{BA1B3D64-B4A9-4D31-9A0B-522CD2770D3D}"
EndProject
Global
	GlobalSection(SolutionConfigurationPlatforms) = preSolution
		Debug|Any CPU = Debug|Any CPU
		Release|Any CPU = Release|Any CPU
	EndGlobalSection
	GlobalSection(ProjectConfigurationPlatforms) = postSolution
		{BA1B3D64-B4A9-4D31-9A0B-522CD2770D3D}.Debug|Any CPU.ActiveCfg = Debug|Any CPU
		{BA1B3D64-B4A9-4D31-9A0B-522CD2770D3D}.Debug|Any CPU.Build.0 = Debug|Any CPU
		{BA1B3D64-B4A9-4D31-9A0B-522CD2770D3D}.Release|Any CPU.ActiveCfg = Release|Any CPU
		{BA1B3D64-B4A9-4D31-9A0B-522CD2770D3D}.Release|Any CPU.Build.0 = Release|Any CPU
	EndGlobalSection
	GlobalSection(SolutionProperties) = preSolution
		HideSolutionNode = FALSE
	EndGlobalSection
	GlobalSection(ExtensibilityGlobals) = postSolution
		SolutionGuid = {8F968A5F-6BBF-4D89-8FCD-450FA677BF20}
	EndGlobalSection
EndGlobal
